
Microsoft Visual Studio Solution File, Format Version 12.00
# Visual Studio Version 16
VisualStudioVersion = 16.0.31410.357
MinimumVisualStudioVersion = 10.0.40219.1
Project("{9A19103F-16F7-4668-BE54-9A1E7A4F7556}") = "GeometryMath", "Geometry\GeometryMath.csproj", "{1BE1A2E9-A784-4E19-B1E6-3102B791F7E6}"
EndProject
Global
	GlobalSection(SolutionConfigurationPlatforms) = preSolution
		Debug|Any CPU = Debug|Any CPU
		Release|Any CPU = Release|Any CPU
	EndGlobalSection
	GlobalSection(ProjectConfigurationPlatforms) = postSolution
		{1BE1A2E9-A784-4E19-B1E6-3102B791F7E6}.Debug|Any CPU.ActiveCfg = Debug|Any CPU
		{1BE1A2E9-A784-4E19-B1E6-3102B791F7E6}.Debug|Any CPU.Build.0 = Debug|Any CPU
		{1BE1A2E9-A784-4E19-B1E6-3102B791F7E6}.Release|Any CPU.ActiveCfg = Release|Any CPU
		{1BE1A2E9-A784-4E19-B1E6-3102B791F7E6}.Release|Any CPU.Build.0 = Release|Any CPU
	EndGlobalSection
	GlobalSection(SolutionProperties) = preSolution
		HideSolutionNode = FALSE
	EndGlobalSection
	GlobalSection(ExtensibilityGlobals) = postSolution
		SolutionGuid = {A7184056-3A65-49F2-B672-9E7D11A01DF4}
	EndGlobalSection
EndGlobal
