
Microsoft Visual Studio Solution File, Format Version 12.00
# Visual Studio Version 16
VisualStudioVersion = 16.0.31410.357
MinimumVisualStudioVersion = 10.0.40219.1
Project("{9A19103F-16F7-4668-BE54-9A1E7A4F7556}") = "TestWorkTask", "TestWorkTask\TestWorkTask.csproj", "{D2C906D1-D934-448A-947A-7E6781FCA163}"
EndProject
Global
	GlobalSection(SolutionConfigurationPlatforms) = preSolution
		Debug|Any CPU = Debug|Any CPU
		Release|Any CPU = Release|Any CPU
	EndGlobalSection
	GlobalSection(ProjectConfigurationPlatforms) = postSolution
		{D2C906D1-D934-448A-947A-7E6781FCA163}.Debug|Any CPU.ActiveCfg = Debug|Any CPU
		{D2C906D1-D934-448A-947A-7E6781FCA163}.Debug|Any CPU.Build.0 = Debug|Any CPU
		{D2C906D1-D934-448A-947A-7E6781FCA163}.Release|Any CPU.ActiveCfg = Release|Any CPU
		{D2C906D1-D934-448A-947A-7E6781FCA163}.Release|Any CPU.Build.0 = Release|Any CPU
	EndGlobalSection
	GlobalSection(SolutionProperties) = preSolution
		HideSolutionNode = FALSE
	EndGlobalSection
	GlobalSection(ExtensibilityGlobals) = postSolution
		SolutionGuid = {EC8468A1-32AB-4D9A-B1DA-F14F90DF1D5A}
	EndGlobalSection
EndGlobal
